PODS:
  - Flutter (1.0.0)
  - flutter_iap_ios (0.0.6):
    - Flutter
    - NOVIAP
    - NOVUtilities
    - UICKeyChainStore
  - NOVIAP (4.0.0):
    - NOVIAP/Core (= 4.0.0)
    - NOVIAP/LocalReceiptValidator (= 4.0.0)
    - NOVIAP/openssl (= 4.0.0)
    - NOVIAP/UserDefaultProductStore (= 4.0.0)
  - NOVIAP/Core (4.0.0):
    - NOVUtilities
  - NOVIAP/LocalReceiptValidator (4.0.0):
    - NOVIAP/Core
    - NOVIAP/openssl
    - NOVUtilities
  - NOVIAP/openssl (4.0.0)
  - NOVIAP/UserDefaultProductStore (4.0.0):
    - NOVIAP/Core
    - NOVUtilities
  - NOVUtilities (4.0.0):
    - NOVUtilities/Defines (= 4.0.0)
    - NOVUtilities/Foundation-Categories (= 4.0.0)
    - NOVUtilities/Objc-Utilities (= 4.0.0)
    - NOVUtilities/YYUtilities (= 4.0.0)
  - NOVUtilities/Defines (4.0.0):
    - NOVUtilities/Foundation-Categories
  - NOVUtilities/Foundation-Categories (4.0.0)
  - NOVUtilities/Objc-Utilities (4.0.0)
  - NOVUtilities/YYUtilities (4.0.0):
    - NOVUtilities/Defines
  - UICKeyChainStore (2.2.1)

DEPENDENCIES:
  - Flutter (from `Flutter`)
  - flutter_iap_ios (from `.symlinks/plugins/flutter_iap_ios/ios`)

SPEC REPOS:
  https://gitlab.com/novapps/ios-app/framework/private-cocoapods-spec-repo.git:
    - NOVIAP
    - NOVUtilities
  trunk:
    - UICKeyChainStore

EXTERNAL SOURCES:
  Flutter:
    :path: Flutter
  flutter_iap_ios:
    :path: ".symlinks/plugins/flutter_iap_ios/ios"

SPEC CHECKSUMS:
  Flutter: 0e3d915762c693b495b44d77113d4970485de6ec
  flutter_iap_ios: 5e7c769f3129d234bc92825a02a44c155cde6adc
  NOVIAP: 2ace93480732c56d1b66338c008d958f0290c368
  NOVUtilities: 4dbcf8564b81233b47b65ef7a6beba33f54c3552
  UICKeyChainStore: ba3bff2c762b12db1e516f395c837dd25298b05e

PODFILE CHECKSUM: 6dc92a1065174d3eaa755697d9ea6c28ac9c4c1d

COCOAPODS: 1.10.0
